
Microsoft Visual Studio Solution File, Format Version 12.00
# Visual Studio Version 16
VisualStudioVersion = 16.0.30204.135
MinimumVisualStudioVersion = 10.0.40219.1
Project("{2150E333-8FDC-42A3-9474-1A3956D46DE8}") = "src", "src", "{A3E5ACFD-C5E1-479B-9670-2B0B88A681A5}"
EndProject
Project("{2150E333-8FDC-42A3-9474-1A3956D46DE8}") = "test", "test", "{A1C24F57-1B62-463D-ADB0-95969C7D3ABD}"
EndProject
Project("{2150E333-8FDC-42A3-9474-1A3956D46DE8}") = "Core", "Core", "{778A02C3-593B-46AA-A148-6F15323FA4A9}"
EndProject
Project("{2150E333-8FDC-42A3-9474-1A3956D46DE8}") = "Infrastructure", "Infrastructure", "{2FB2C999-2BD0-4682-A0D4-FE81BF26B846}"
EndProject
Project("{2150E333-8FDC-42A3-9474-1A3956D46DE8}") = "API", "API", "{E17C07C2-ED93-4D96-AFF2-E408D18BF637}"
EndProject
Project("{2150E333-8FDC-42A3-9474-1A3956D46DE8}") = "UI", "UI", "{7BCB1B5A-CCDF-4C82-A856-8E7F4A825F70}"
EndProject
Project("{9A19103F-16F7-4668-BE54-9A1E7A4F7556}") = "GloboTicket.TicketManagement.Domain", "GloboTicket.TicketManagement.Domain\GloboTicket.TicketManagement.Domain.csproj", "{B6FB9ACD-738E-4313-97CC-E7B16E644AF7}"
EndProject
Project("{9A19103F-16F7-4668-BE54-9A1E7A4F7556}") = "GloboTicket.TicketManagement.Application", "GloboTicket.TicketManagement.Application\GloboTicket.TicketManagement.Application.csproj", "{6B566FB2-6449-4BAF-9F51-1A50E415D66B}"
EndProject
Project("{9A19103F-16F7-4668-BE54-9A1E7A4F7556}") = "GloboTicket.TicketManagement.Persistence", "GloboTicket.TicketManagement.Persistence\GloboTicket.TicketManagement.Persistence.csproj", "{C719DEDA-8532-42DC-A680-C45AFCE4992C}"
EndProject
Project("{FAE04EC0-301F-11D3-BF4B-00C04F79EFBC}") = "GloboTicket.TicketManagement.Infrastructure", "GloboTicket.TicketManagement.Infrastructure\GloboTicket.TicketManagement.Infrastructure.csproj", "{29ED03E2-0174-41A6-8F2C-4910FD83F123}"
EndProject
Global
	GlobalSection(SolutionConfigurationPlatforms) = preSolution
		Debug|Any CPU = Debug|Any CPU
		Release|Any CPU = Release|Any CPU
	EndGlobalSection
	GlobalSection(ProjectConfigurationPlatforms) = postSolution
		{B6FB9ACD-738E-4313-97CC-E7B16E644AF7}.Debug|Any CPU.ActiveCfg = Debug|Any CPU
		{B6FB9ACD-738E-4313-97CC-E7B16E644AF7}.Debug|Any CPU.Build.0 = Debug|Any CPU
		{B6FB9ACD-738E-4313-97CC-E7B16E644AF7}.Release|Any CPU.ActiveCfg = Release|Any CPU
		{B6FB9ACD-738E-4313-97CC-E7B16E644AF7}.Release|Any CPU.Build.0 = Release|Any CPU
		{6B566FB2-6449-4BAF-9F51-1A50E415D66B}.Debug|Any CPU.ActiveCfg = Debug|Any CPU
		{6B566FB2-6449-4BAF-9F51-1A50E415D66B}.Debug|Any CPU.Build.0 = Debug|Any CPU
		{6B566FB2-6449-4BAF-9F51-1A50E415D66B}.Release|Any CPU.ActiveCfg = Release|Any CPU
		{6B566FB2-6449-4BAF-9F51-1A50E415D66B}.Release|Any CPU.Build.0 = Release|Any CPU
		{C719DEDA-8532-42DC-A680-C45AFCE4992C}.Debug|Any CPU.ActiveCfg = Debug|Any CPU
		{C719DEDA-8532-42DC-A680-C45AFCE4992C}.Debug|Any CPU.Build.0 = Debug|Any CPU
		{C719DEDA-8532-42DC-A680-C45AFCE4992C}.Release|Any CPU.ActiveCfg = Release|Any CPU
		{C719DEDA-8532-42DC-A680-C45AFCE4992C}.Release|Any CPU.Build.0 = Release|Any CPU
		{29ED03E2-0174-41A6-8F2C-4910FD83F123}.Debug|Any CPU.ActiveCfg = Debug|Any CPU
		{29ED03E2-0174-41A6-8F2C-4910FD83F123}.Debug|Any CPU.Build.0 = Debug|Any CPU
		{29ED03E2-0174-41A6-8F2C-4910FD83F123}.Release|Any CPU.ActiveCfg = Release|Any CPU
		{29ED03E2-0174-41A6-8F2C-4910FD83F123}.Release|Any CPU.Build.0 = Release|Any CPU
	EndGlobalSection
	GlobalSection(SolutionProperties) = preSolution
		HideSolutionNode = FALSE
	EndGlobalSection
	GlobalSection(NestedProjects) = preSolution
		{778A02C3-593B-46AA-A148-6F15323FA4A9} = {A3E5ACFD-C5E1-479B-9670-2B0B88A681A5}
		{2FB2C999-2BD0-4682-A0D4-FE81BF26B846} = {A3E5ACFD-C5E1-479B-9670-2B0B88A681A5}
		{E17C07C2-ED93-4D96-AFF2-E408D18BF637} = {A3E5ACFD-C5E1-479B-9670-2B0B88A681A5}
		{7BCB1B5A-CCDF-4C82-A856-8E7F4A825F70} = {A3E5ACFD-C5E1-479B-9670-2B0B88A681A5}
		{B6FB9ACD-738E-4313-97CC-E7B16E644AF7} = {778A02C3-593B-46AA-A148-6F15323FA4A9}
		{6B566FB2-6449-4BAF-9F51-1A50E415D66B} = {778A02C3-593B-46AA-A148-6F15323FA4A9}
		{C719DEDA-8532-42DC-A680-C45AFCE4992C} = {2FB2C999-2BD0-4682-A0D4-FE81BF26B846}
		{29ED03E2-0174-41A6-8F2C-4910FD83F123} = {2FB2C999-2BD0-4682-A0D4-FE81BF26B846}
	EndGlobalSection
	GlobalSection(ExtensibilityGlobals) = postSolution
		SolutionGuid = {034FF1BB-A6F3-4C1B-AFF8-EF02955B5A4D}
	EndGlobalSection
EndGlobal
